
Microsoft Visual Studio Solution File, Format Version 12.00
# Visual Studio Version 16
VisualStudioVersion = 16.0.29609.76
MinimumVisualStudioVersion = 10.0.40219.1
Project("{FAE04EC0-301F-11D3-BF4B-00C04F79EFBC}") = "DiceTravel", "DiceTravel\DiceTravel.csproj", "{B4779231-E88A-4115-8B38-C6E4C7EF8A3B}"
EndProject
Project("{54435603-DBB4-11D2-8724-00A0C9A8B90C}") = "DTInstaller", "DTInstaller\DTInstaller.vdproj", "{4DF04887-E8EF-41EB-A9D8-C6084B7E0396}"
EndProject
Global
	GlobalSection(SolutionConfigurationPlatforms) = preSolution
		Debug|Any CPU = Debug|Any CPU
		Release|Any CPU = Release|Any CPU
	EndGlobalSection
	GlobalSection(ProjectConfigurationPlatforms) = postSolution
		{B4779231-E88A-4115-8B38-C6E4C7EF8A3B}.Debug|Any CPU.ActiveCfg = Debug|Any CPU
		{B4779231-E88A-4115-8B38-C6E4C7EF8A3B}.Debug|Any CPU.Build.0 = Debug|Any CPU
		{B4779231-E88A-4115-8B38-C6E4C7EF8A3B}.Release|Any CPU.ActiveCfg = Release|Any CPU
		{B4779231-E88A-4115-8B38-C6E4C7EF8A3B}.Release|Any CPU.Build.0 = Release|Any CPU
		{4DF04887-E8EF-41EB-A9D8-C6084B7E0396}.Debug|Any CPU.ActiveCfg = Debug
		{4DF04887-E8EF-41EB-A9D8-C6084B7E0396}.Release|Any CPU.ActiveCfg = Release
	EndGlobalSection
	GlobalSection(SolutionProperties) = preSolution
		HideSolutionNode = FALSE
	EndGlobalSection
	GlobalSection(ExtensibilityGlobals) = postSolution
		SolutionGuid = {EA96E48F-1E2F-479D-A95A-02971B6DACD6}
	EndGlobalSection
EndGlobal
